
Microsoft Visual Studio Solution File, Format Version 12.00
# Visual Studio Version 17
VisualStudioVersion = 17.0.31903.59
MinimumVisualStudioVersion = 10.0.40219.1
Project("{9A19103F-16F7-4668-BE54-9A1E7A4F7556}") = "myAspMiniProject", "myAspMiniProject.csproj", "{2C75539C-C27C-4482-BC88-BC1B68C34307}"
EndProject
Global
	GlobalSection(SolutionConfigurationPlatforms) = preSolution
		Debug|Any CPU = Debug|Any CPU
		Release|Any CPU = Release|Any CPU
	EndGlobalSection
	GlobalSection(ProjectConfigurationPlatforms) = postSolution
		{2C75539C-C27C-4482-BC88-BC1B68C34307}.Debug|Any CPU.ActiveCfg = Debug|Any CPU
		{2C75539C-C27C-4482-BC88-BC1B68C34307}.Debug|Any CPU.Build.0 = Debug|Any CPU
		{2C75539C-C27C-4482-BC88-BC1B68C34307}.Release|Any CPU.ActiveCfg = Release|Any CPU
		{2C75539C-C27C-4482-BC88-BC1B68C34307}.Release|Any CPU.Build.0 = Release|Any CPU
	EndGlobalSection
	GlobalSection(SolutionProperties) = preSolution
		HideSolutionNode = FALSE
	EndGlobalSection
	GlobalSection(ExtensibilityGlobals) = postSolution
		SolutionGuid = {2F5F1121-7487-4EB5-89B8-EC0C6B38A737}
	EndGlobalSection
EndGlobal
